<?xml version="1.0" encoding="utf-8"?>
<Project ToolsVersion="4.0" xmlns="http://schemas.microsoft.com/developer/msbuild/2003">
  <ItemGroup>
    <ClCompile Include="winmain.cpp" />
    <ClCompile Include="json.cpp" />
    <ClCompile Include="http.cpp" />
    <ClCompile Include="slacky.cpp" />
    <ClCompile Include="convert.cpp" />
    <ClCompile Include="shortcut.cpp" />
    <ClCompile Include="toast.cpp" />
    <ClCompile Include="options.cpp" />
    <ClCompile Include="textfile.cpp" />
  </ItemGroup>
  <ItemGroup>
    <ClInclude Include="json.h" />
    <ClInclude Include="http.h" />
    <ClInclude Include="slacky.h" />
    <ClInclude Include="convert.h" />
    <ClInclude Include="shortcut.h" />
    <ClInclude Include="toast.h" />
    <ClInclude Include="resource.h" />
    <ClInclude Include="options.h" />
    <ClInclude Include="textfile.h" />
  </ItemGroup>
  <ItemGroup>
    <ResourceCompile Include="slacky.rc" />
  </ItemGroup>
  <ItemGroup>
    <Image Include="slacky.ico" />
  </ItemGroup>
</Project>