
Microsoft Visual Studio Solution File, Format Version 12.00
# Visual Studio Version 17
VisualStudioVersion = 17.14.36705.20
MinimumVisualStudioVersion = 10.0.40219.1
Project("{8BC9CEB8-8B4A-11D0-8D11-00A0C91BC942}") = "slacky", "slacky\slacky.vcxproj", "{C0B1C450-915D-4CEA-A48D-A73F758E5F19}"
EndProject
Project("{8BC9CEB8-8B4A-11D0-8D11-00A0C91BC942}") = "slacky-test", "slacky-test\slacky-test.vcxproj", "{F908E3CD-CEA0-4C4B-A04D-CE8840ED7EFA}"
EndProject
Project("{2150E333-8FDC-42A3-9474-1A3956D46DE8}") = "ソリューション項目", "ソリューション項目", "{2022CB0F-8BAF-F49E-0C48-8EF4C96EC109}"
	ProjectSection(SolutionItems) = preProject
		README.md = README.md
	EndProjectSection
EndProject
Global
	GlobalSection(SolutionConfigurationPlatforms) = preSolution
		Debug|x64 = Debug|x64
		Release|x64 = Release|x64
	EndGlobalSection
	GlobalSection(ProjectConfigurationPlatforms) = postSolution
		{C0B1C450-915D-4CEA-A48D-A73F758E5F19}.Debug|x64.ActiveCfg = Debug|x64
		{C0B1C450-915D-4CEA-A48D-A73F758E5F19}.Debug|x64.Build.0 = Debug|x64
		{C0B1C450-915D-4CEA-A48D-A73F758E5F19}.Release|x64.ActiveCfg = Release|x64
		{C0B1C450-915D-4CEA-A48D-A73F758E5F19}.Release|x64.Build.0 = Release|x64
		{F908E3CD-CEA0-4C4B-A04D-CE8840ED7EFA}.Debug|x64.ActiveCfg = Debug|x64
		{F908E3CD-CEA0-4C4B-A04D-CE8840ED7EFA}.Debug|x64.Build.0 = Debug|x64
		{F908E3CD-CEA0-4C4B-A04D-CE8840ED7EFA}.Release|x64.ActiveCfg = Release|x64
	EndGlobalSection
	GlobalSection(SolutionProperties) = preSolution
		HideSolutionNode = FALSE
	EndGlobalSection
	GlobalSection(ExtensibilityGlobals) = postSolution
		SolutionGuid = {2688EF6E-A15D-454B-8B37-F23249BAE90D}
	EndGlobalSection
EndGlobal
